# THIS IS AN AUTOGENERATED FILE. DO NOT EDIT THIS FILE DIRECTLY.
# yarn lockfile v1


color-convert@~0.5.0:
  version "0.5.3"
  resolved "https://registry.yarnpkg.com/color-convert/-/color-convert-0.5.3.tgz#bdb6c69ce660fadffe0b0007cc447e1b9f7282bd"

parse-color@^1.0.0:
  version "1.0.0"
  resolved "https://registry.yarnpkg.com/parse-color/-/parse-color-1.0.0.tgz#7b748b95a83f03f16a94f535e52d7f3d94658619"
  dependencies:
    color-convert "~0.5.0"
